
Microsoft Visual Studio Solution File, Format Version 12.00
# Visual Studio Version 16
VisualStudioVersion = 16.0.30225.117
MinimumVisualStudioVersion = 10.0.40219.1
Project("{9A19103F-16F7-4668-BE54-9A1E7A4F7556}") = "WallpaperFlux.Core", "WallpaperFlux.Core\WallpaperFlux.Core.csproj", "{B8072397-E84F-4317-83C8-D0286C5E3FFE}"
EndProject
Project("{9A19103F-16F7-4668-BE54-9A1E7A4F7556}") = "WallpaperFlux.WPF", "WallpaperFlux.WPF\WallpaperFlux.WPF.csproj", "{DFCD2115-8318-43E0-8214-B52A2D1919AE}"
EndProject
Project("{FAE04EC0-301F-11D3-BF4B-00C04F79EFBC}") = "WallpaperFlux.Tests", "WallpaperFlux.Tests\WallpaperFlux.Tests.csproj", "{2AF605AF-4A9F-478B-8209-DFEB63D5163E}"
EndProject
Project("{9A19103F-16F7-4668-BE54-9A1E7A4F7556}") = "WallpaperFlux.Winform", "WallpaperFlux.Winform\WallpaperFlux.Winform.csproj", "{B5693F9A-6735-40E2-A8FC-14AF47F7E54F}"
EndProject
Project("{54435603-DBB4-11D2-8724-00A0C9A8B90C}") = "WallpaperFlux.Setup", "WallpaperFlux.Setup\WallpaperFlux.Setup.vdproj", "{1069443D-5274-4C4B-A043-8D1C33B880F0}"
EndProject
Global
	GlobalSection(SolutionConfigurationPlatforms) = preSolution
		Debug|Any CPU = Debug|Any CPU
		Release|Any CPU = Release|Any CPU
	EndGlobalSection
	GlobalSection(ProjectConfigurationPlatforms) = postSolution
		{B8072397-E84F-4317-83C8-D0286C5E3FFE}.Debug|Any CPU.ActiveCfg = Debug|Any CPU
		{B8072397-E84F-4317-83C8-D0286C5E3FFE}.Debug|Any CPU.Build.0 = Debug|Any CPU
		{B8072397-E84F-4317-83C8-D0286C5E3FFE}.Release|Any CPU.ActiveCfg = Release|Any CPU
		{B8072397-E84F-4317-83C8-D0286C5E3FFE}.Release|Any CPU.Build.0 = Release|Any CPU
		{DFCD2115-8318-43E0-8214-B52A2D1919AE}.Debug|Any CPU.ActiveCfg = Debug|x64
		{DFCD2115-8318-43E0-8214-B52A2D1919AE}.Debug|Any CPU.Build.0 = Debug|x64
		{DFCD2115-8318-43E0-8214-B52A2D1919AE}.Release|Any CPU.ActiveCfg = Release|Any CPU
		{DFCD2115-8318-43E0-8214-B52A2D1919AE}.Release|Any CPU.Build.0 = Release|Any CPU
		{2AF605AF-4A9F-478B-8209-DFEB63D5163E}.Debug|Any CPU.ActiveCfg = Debug|Any CPU
		{2AF605AF-4A9F-478B-8209-DFEB63D5163E}.Debug|Any CPU.Build.0 = Debug|Any CPU
		{2AF605AF-4A9F-478B-8209-DFEB63D5163E}.Release|Any CPU.ActiveCfg = Release|Any CPU
		{2AF605AF-4A9F-478B-8209-DFEB63D5163E}.Release|Any CPU.Build.0 = Release|Any CPU
		{B5693F9A-6735-40E2-A8FC-14AF47F7E54F}.Debug|Any CPU.ActiveCfg = Debug|Any CPU
		{B5693F9A-6735-40E2-A8FC-14AF47F7E54F}.Debug|Any CPU.Build.0 = Debug|Any CPU
		{B5693F9A-6735-40E2-A8FC-14AF47F7E54F}.Release|Any CPU.ActiveCfg = Release|Any CPU
		{B5693F9A-6735-40E2-A8FC-14AF47F7E54F}.Release|Any CPU.Build.0 = Release|Any CPU
		{1069443D-5274-4C4B-A043-8D1C33B880F0}.Debug|Any CPU.ActiveCfg = Debug
		{1069443D-5274-4C4B-A043-8D1C33B880F0}.Release|Any CPU.ActiveCfg = Release
	EndGlobalSection
	GlobalSection(SolutionProperties) = preSolution
		HideSolutionNode = FALSE
	EndGlobalSection
	GlobalSection(ExtensibilityGlobals) = postSolution
		SolutionGuid = {AC2CABA1-9F15-4D72-A490-1D949936DA8D}
	EndGlobalSection
EndGlobal
